// !$*UTF8*$!
{
	archiveVersion = 1;
	classes = {
	};
	objectVersion = 46;
	objects = {

/* Begin PBXBuildFile section */
		D088D5A21390A23200B6F98C /* NSData+Base64.h in Headers */ = {isa = PBXBuildFile; fileRef = D088D59C1390A23200B6F98C /* NSData+Base64.h */; };
		D088D5A31390A23200B6F98C /* NSData+Base64.m in Sources */ = {isa = PBXBuildFile; fileRef = D088D59D1390A23200B6F98C /* NSData+Base64.m */; };
		D088D5A41390A23200B6F98C /* OAuth+Additions.h in Headers */ = {isa = PBXBuildFile; fileRef = D088D59E1390A23200B6F98C /* OAuth+Additions.h */; };
		D088D5A51390A23200B6F98C /* OAuth+Additions.m in Sources */ = {isa = PBXBuildFile; fileRef = D088D59F1390A23200B6F98C /* OAuth+Additions.m */; };
		D088D5A61390A23200B6F98C /* OAuthCore.h in Headers */ = {isa = PBXBuildFile; fileRef = D088D5A01390A23200B6F98C /* OAuthCore.h */; };
		D088D5A71390A23200B6F98C /* OAuthCore.m in Sources */ = {isa = PBXBuildFile; fileRef = D088D5A11390A23200B6F98C /* OAuthCore.m */; };
		D088D5B11390AAFF00B6F98C /* SKPost.h in Headers */ = {isa = PBXBuildFile; fileRef = D088D5AF1390AAFF00B6F98C /* SKPost.h */; };
		D088D5B21390AAFF00B6F98C /* SKPost.m in Sources */ = {isa = PBXBuildFile; fileRef = D088D5B01390AAFF00B6F98C /* SKPost.m */; };
		D088D5B61390AB3700B6F98C /* SKUser.h in Headers */ = {isa = PBXBuildFile; fileRef = D088D5B41390AB3700B6F98C /* SKUser.h */; };
		D088D5B71390AB3700B6F98C /* SKUser.m in Sources */ = {isa = PBXBuildFile; fileRef = D088D5B51390AB3700B6F98C /* SKUser.m */; };
		D088D5BC1391248E00B6F98C /* SKShake.h in Headers */ = {isa = PBXBuildFile; fileRef = D088D5BA1391248E00B6F98C /* SKShake.h */; };
		D088D5BD1391248E00B6F98C /* SKShake.m in Sources */ = {isa = PBXBuildFile; fileRef = D088D5BB1391248E00B6F98C /* SKShake.m */; };
		D088D5C01391287D00B6F98C /* NSDate+DateConversion.h in Headers */ = {isa = PBXBuildFile; fileRef = D088D5BE1391287D00B6F98C /* NSDate+DateConversion.h */; };
		D088D5C11391287D00B6F98C /* NSDate+DateConversion.m in Sources */ = {isa = PBXBuildFile; fileRef = D088D5BF1391287D00B6F98C /* NSDate+DateConversion.m */; };
		D0AA09601387412D00E4A8C1 /* Foundation.framework in Frameworks */ = {isa = PBXBuildFile; fileRef = D0AA095F1387412D00E4A8C1 /* Foundation.framework */; };
		D0AA098D138741C000E4A8C1 /* ASIAuthenticationDialog.h in Headers */ = {isa = PBXBuildFile; fileRef = D0AA096B138741C000E4A8C1 /* ASIAuthenticationDialog.h */; };
		D0AA098E138741C000E4A8C1 /* ASIAuthenticationDialog.m in Sources */ = {isa = PBXBuildFile; fileRef = D0AA096C138741C000E4A8C1 /* ASIAuthenticationDialog.m */; };
		D0AA098F138741C000E4A8C1 /* ASICacheDelegate.h in Headers */ = {isa = PBXBuildFile; fileRef = D0AA096D138741C000E4A8C1 /* ASICacheDelegate.h */; };
		D0AA0990138741C000E4A8C1 /* ASIDataCompressor.h in Headers */ = {isa = PBXBuildFile; fileRef = D0AA096E138741C000E4A8C1 /* ASIDataCompressor.h */; };
		D0AA0991138741C000E4A8C1 /* ASIDataCompressor.m in Sources */ = {isa = PBXBuildFile; fileRef = D0AA096F138741C000E4A8C1 /* ASIDataCompressor.m */; };
		D0AA0992138741C000E4A8C1 /* ASIDataDecompressor.h in Headers */ = {isa = PBXBuildFile; fileRef = D0AA0970138741C000E4A8C1 /* ASIDataDecompressor.h */; };
		D0AA0993138741C000E4A8C1 /* ASIDataDecompressor.m in Sources */ = {isa = PBXBuildFile; fileRef = D0AA0971138741C000E4A8C1 /* ASIDataDecompressor.m */; };
		D0AA0994138741C000E4A8C1 /* ASIDownloadCache.h in Headers */ = {isa = PBXBuildFile; fileRef = D0AA0972138741C000E4A8C1 /* ASIDownloadCache.h */; };
		D0AA0995138741C000E4A8C1 /* ASIDownloadCache.m in Sources */ = {isa = PBXBuildFile; fileRef = D0AA0973138741C000E4A8C1 /* ASIDownloadCache.m */; };
		D0AA0996138741C000E4A8C1 /* ASIFormDataRequest.h in Headers */ = {isa = PBXBuildFile; fileRef = D0AA0974138741C000E4A8C1 /* ASIFormDataRequest.h */; };
		D0AA0997138741C000E4A8C1 /* ASIFormDataRequest.m in Sources */ = {isa = PBXBuildFile; fileRef = D0AA0975138741C000E4A8C1 /* ASIFormDataRequest.m */; };
		D0AA0998138741C000E4A8C1 /* ASIHTTPRequest.h in Headers */ = {isa = PBXBuildFile; fileRef = D0AA0976138741C000E4A8C1 /* ASIHTTPRequest.h */; };
		D0AA0999138741C000E4A8C1 /* ASIHTTPRequest.m in Sources */ = {isa = PBXBuildFile; fileRef = D0AA0977138741C000E4A8C1 /* ASIHTTPRequest.m */; };
		D0AA099A138741C000E4A8C1 /* ASIHTTPRequestConfig.h in Headers */ = {isa = PBXBuildFile; fileRef = D0AA0978138741C000E4A8C1 /* ASIHTTPRequestConfig.h */; };
		D0AA099B138741C000E4A8C1 /* ASIHTTPRequestDelegate.h in Headers */ = {isa = PBXBuildFile; fileRef = D0AA0979138741C000E4A8C1 /* ASIHTTPRequestDelegate.h */; };
		D0AA099C138741C000E4A8C1 /* ASIInputStream.h in Headers */ = {isa = PBXBuildFile; fileRef = D0AA097A138741C000E4A8C1 /* ASIInputStream.h */; };
		D0AA099D138741C000E4A8C1 /* ASIInputStream.m in Sources */ = {isa = PBXBuildFile; fileRef = D0AA097B138741C000E4A8C1 /* ASIInputStream.m */; };
		D0AA099E138741C000E4A8C1 /* ASINetworkQueue.h in Headers */ = {isa = PBXBuildFile; fileRef = D0AA097C138741C000E4A8C1 /* ASINetworkQueue.h */; };
		D0AA099F138741C000E4A8C1 /* ASINetworkQueue.m in Sources */ = {isa = PBXBuildFile; fileRef = D0AA097D138741C000E4A8C1 /* ASINetworkQueue.m */; };
		D0AA09A0138741C000E4A8C1 /* ASIProgressDelegate.h in Headers */ = {isa = PBXBuildFile; fileRef = D0AA097E138741C000E4A8C1 /* ASIProgressDelegate.h */; };
		D0AA09A1138741C000E4A8C1 /* Reachability.h in Headers */ = {isa = PBXBuildFile; fileRef = D0AA097F138741C000E4A8C1 /* Reachability.h */; };
		D0AA09A2138741C000E4A8C1 /* Reachability.m in Sources */ = {isa = PBXBuildFile; fileRef = D0AA0980138741C000E4A8C1 /* Reachability.m */; };
		D0AA09A3138741C000E4A8C1 /* JSONKit.h in Headers */ = {isa = PBXBuildFile; fileRef = D0AA0983138741C000E4A8C1 /* JSONKit.h */; };
		D0AA09A4138741C000E4A8C1 /* JSONKit.m in Sources */ = {isa = PBXBuildFile; fileRef = D0AA0984138741C000E4A8C1 /* JSONKit.m */; };
		D0AA09AC1387422500E4A8C1 /* CFNetwork.framework in Frameworks */ = {isa = PBXBuildFile; fileRef = D0AA09AB1387422500E4A8C1 /* CFNetwork.framework */; };
		D0AA09AE1387423400E4A8C1 /* SystemConfiguration.framework in Frameworks */ = {isa = PBXBuildFile; fileRef = D0AA09AD1387423400E4A8C1 /* SystemConfiguration.framework */; };
		D0AA09B01387423C00E4A8C1 /* MobileCoreServices.framework in Frameworks */ = {isa = PBXBuildFile; fileRef = D0AA09AF1387423C00E4A8C1 /* MobileCoreServices.framework */; };
		D0AA09B21387424900E4A8C1 /* CoreGraphics.framework in Frameworks */ = {isa = PBXBuildFile; fileRef = D0AA09B11387424900E4A8C1 /* CoreGraphics.framework */; };
		D0AA09B41387425A00E4A8C1 /* libz.1.2.3.dylib in Frameworks */ = {isa = PBXBuildFile; fileRef = D0AA09B31387425A00E4A8C1 /* libz.1.2.3.dylib */; };
		D0AA09B71387433300E4A8C1 /* NSString+URIEscaping.h in Headers */ = {isa = PBXBuildFile; fileRef = D0AA09B51387433300E4A8C1 /* NSString+URIEscaping.h */; };
		D0AA09B81387433300E4A8C1 /* NSString+URIEscaping.m in Sources */ = {isa = PBXBuildFile; fileRef = D0AA09B61387433300E4A8C1 /* NSString+URIEscaping.m */; };
		D0AA09BB1387438200E4A8C1 /* ShakeKit.h in Headers */ = {isa = PBXBuildFile; fileRef = D0AA09B91387438200E4A8C1 /* ShakeKit.h */; };
		D0AA09BC1387438200E4A8C1 /* ShakeKit.m in Sources */ = {isa = PBXBuildFile; fileRef = D0AA09BA1387438200E4A8C1 /* ShakeKit.m */; };
		D0AA09BF1387448200E4A8C1 /* ShakeKitConstants.h in Headers */ = {isa = PBXBuildFile; fileRef = D0AA09BD1387448100E4A8C1 /* ShakeKitConstants.h */; };
		D0AA09C01387448200E4A8C1 /* ShakeKitConstants.m in Sources */ = {isa = PBXBuildFile; fileRef = D0AA09BE1387448100E4A8C1 /* ShakeKitConstants.m */; };
		D0AA09C31387465600E4A8C1 /* NSDictionary+ParameterString.h in Headers */ = {isa = PBXBuildFile; fileRef = D0AA09C11387465600E4A8C1 /* NSDictionary+ParameterString.h */; };
		D0AA09C41387465600E4A8C1 /* NSDictionary+ParameterString.m in Sources */ = {isa = PBXBuildFile; fileRef = D0AA09C21387465600E4A8C1 /* NSDictionary+ParameterString.m */; };
/* End PBXBuildFile section */

/* Begin PBXFileReference section */
		D088D59C1390A23200B6F98C /* NSData+Base64.h */ = {isa = PBXFileReference; fileEncoding = 4; lastKnownFileType = sourcecode.c.h; path = "NSData+Base64.h"; sourceTree = "<group>"; };
		D088D59D1390A23200B6F98C /* NSData+Base64.m */ = {isa = PBXFileReference; fileEncoding = 4; lastKnownFileType = sourcecode.c.objc; path = "NSData+Base64.m"; sourceTree = "<group>"; };
		D088D59E1390A23200B6F98C /* OAuth+Additions.h */ = {isa = PBXFileReference; fileEncoding = 4; lastKnownFileType = sourcecode.c.h; path = "OAuth+Additions.h"; sourceTree = "<group>"; };
		D088D59F1390A23200B6F98C /* OAuth+Additions.m */ = {isa = PBXFileReference; fileEncoding = 4; lastKnownFileType = sourcecode.c.objc; path = "OAuth+Additions.m"; sourceTree = "<group>"; };
		D088D5A01390A23200B6F98C /* OAuthCore.h */ = {isa = PBXFileReference; fileEncoding = 4; lastKnownFileType = sourcecode.c.h; path = OAuthCore.h; sourceTree = "<group>"; };
		D088D5A11390A23200B6F98C /* OAuthCore.m */ = {isa = PBXFileReference; fileEncoding = 4; lastKnownFileType = sourcecode.c.objc; path = OAuthCore.m; sourceTree = "<group>"; };
		D088D5AF1390AAFF00B6F98C /* SKPost.h */ = {isa = PBXFileReference; fileEncoding = 4; lastKnownFileType = sourcecode.c.h; path = SKPost.h; sourceTree = "<group>"; };
		D088D5B01390AAFF00B6F98C /* SKPost.m */ = {isa = PBXFileReference; fileEncoding = 4; lastKnownFileType = sourcecode.c.objc; path = SKPost.m; sourceTree = "<group>"; };
		D088D5B41390AB3700B6F98C /* SKUser.h */ = {isa = PBXFileReference; fileEncoding = 4; lastKnownFileType = sourcecode.c.h; path = SKUser.h; sourceTree = "<group>"; };
		D088D5B51390AB3700B6F98C /* SKUser.m */ = {isa = PBXFileReference; fileEncoding = 4; lastKnownFileType = sourcecode.c.objc; path = SKUser.m; sourceTree = "<group>"; };
		D088D5BA1391248E00B6F98C /* SKShake.h */ = {isa = PBXFileReference; fileEncoding = 4; lastKnownFileType = sourcecode.c.h; path = SKShake.h; sourceTree = "<group>"; };
		D088D5BB1391248E00B6F98C /* SKShake.m */ = {isa = PBXFileReference; fileEncoding = 4; lastKnownFileType = sourcecode.c.objc; path = SKShake.m; sourceTree = "<group>"; };
		D088D5BE1391287D00B6F98C /* NSDate+DateConversion.h */ = {isa = PBXFileReference; fileEncoding = 4; lastKnownFileType = sourcecode.c.h; path = "NSDate+DateConversion.h"; sourceTree = "<group>"; };
		D088D5BF1391287D00B6F98C /* NSDate+DateConversion.m */ = {isa = PBXFileReference; fileEncoding = 4; lastKnownFileType = sourcecode.c.objc; path = "NSDate+DateConversion.m"; sourceTree = "<group>"; };
		D0AA095C1387412D00E4A8C1 /* libShakeKit.a */ = {isa = PBXFileReference; explicitFileType = archive.ar; includeInIndex = 0; path = libShakeKit.a; sourceTree = BUILT_PRODUCTS_DIR; };
		D0AA095F1387412D00E4A8C1 /* Foundation.framework */ = {isa = PBXFileReference; lastKnownFileType = wrapper.framework; name = Foundation.framework; path = System/Library/Frameworks/Foundation.framework; sourceTree = SDKROOT; };
		D0AA09631387412D00E4A8C1 /* ShakeKit-Prefix.pch */ = {isa = PBXFileReference; lastKnownFileType = sourcecode.c.h; path = "ShakeKit-Prefix.pch"; sourceTree = "<group>"; };
		D0AA096B138741C000E4A8C1 /* ASIAuthenticationDialog.h */ = {isa = PBXFileReference; fileEncoding = 4; lastKnownFileType = sourcecode.c.h; path = ASIAuthenticationDialog.h; sourceTree = "<group>"; };
		D0AA096C138741C000E4A8C1 /* ASIAuthenticationDialog.m */ = {isa = PBXFileReference; fileEncoding = 4; lastKnownFileType = sourcecode.c.objc; path = ASIAuthenticationDialog.m; sourceTree = "<group>"; };
		D0AA096D138741C000E4A8C1 /* ASICacheDelegate.h */ = {isa = PBXFileReference; fileEncoding = 4; lastKnownFileType = sourcecode.c.h; path = ASICacheDelegate.h; sourceTree = "<group>"; };
		D0AA096E138741C000E4A8C1 /* ASIDataCompressor.h */ = {isa = PBXFileReference; fileEncoding = 4; lastKnownFileType = sourcecode.c.h; path = ASIDataCompressor.h; sourceTree = "<group>"; };
		D0AA096F138741C000E4A8C1 /* ASIDataCompressor.m */ = {isa = PBXFileReference; fileEncoding = 4; lastKnownFileType = sourcecode.c.objc; path = ASIDataCompressor.m; sourceTree = "<group>"; };
		D0AA0970138741C000E4A8C1 /* ASIDataDecompressor.h */ = {isa = PBXFileReference; fileEncoding = 4; lastKnownFileType = sourcecode.c.h; path = ASIDataDecompressor.h; sourceTree = "<group>"; };
		D0AA0971138741C000E4A8C1 /* ASIDataDecompressor.m */ = {isa = PBXFileReference; fileEncoding = 4; lastKnownFileType = sourcecode.c.objc; path = ASIDataDecompressor.m; sourceTree = "<group>"; };
		D0AA0972138741C000E4A8C1 /* ASIDownloadCache.h */ = {isa = PBXFileReference; fileEncoding = 4; lastKnownFileType = sourcecode.c.h; path = ASIDownloadCache.h; sourceTree = "<group>"; };
		D0AA0973138741C000E4A8C1 /* ASIDownloadCache.m */ = {isa = PBXFileReference; fileEncoding = 4; lastKnownFileType = sourcecode.c.objc; path = ASIDownloadCache.m; sourceTree = "<group>"; };
		D0AA0974138741C000E4A8C1 /* ASIFormDataRequest.h */ = {isa = PBXFileReference; fileEncoding = 4; lastKnownFileType = sourcecode.c.h; path = ASIFormDataRequest.h; sourceTree = "<group>"; };
		D0AA0975138741C000E4A8C1 /* ASIFormDataRequest.m */ = {isa = PBXFileReference; fileEncoding = 4; lastKnownFileType = sourcecode.c.objc; path = ASIFormDataRequest.m; sourceTree = "<group>"; };
		D0AA0976138741C000E4A8C1 /* ASIHTTPRequest.h */ = {isa = PBXFileReference; fileEncoding = 4; lastKnownFileType = sourcecode.c.h; path = ASIHTTPRequest.h; sourceTree = "<group>"; };
		D0AA0977138741C000E4A8C1 /* ASIHTTPRequest.m */ = {isa = PBXFileReference; fileEncoding = 4; lastKnownFileType = sourcecode.c.objc; path = ASIHTTPRequest.m; sourceTree = "<group>"; };
		D0AA0978138741C000E4A8C1 /* ASIHTTPRequestConfig.h */ = {isa = PBXFileReference; fileEncoding = 4; lastKnownFileType = sourcecode.c.h; path = ASIHTTPRequestConfig.h; sourceTree = "<group>"; };
		D0AA0979138741C000E4A8C1 /* ASIHTTPRequestDelegate.h */ = {isa = PBXFileReference; fileEncoding = 4; lastKnownFileType = sourcecode.c.h; path = ASIHTTPRequestDelegate.h; sourceTree = "<group>"; };
		D0AA097A138741C000E4A8C1 /* ASIInputStream.h */ = {isa = PBXFileReference; fileEncoding = 4; lastKnownFileType = sourcecode.c.h; path = ASIInputStream.h; sourceTree = "<group>"; };
		D0AA097B138741C000E4A8C1 /* ASIInputStream.m */ = {isa = PBXFileReference; fileEncoding = 4; lastKnownFileType = sourcecode.c.objc; path = ASIInputStream.m; sourceTree = "<group>"; };
		D0AA097C138741C000E4A8C1 /* ASINetworkQueue.h */ = {isa = PBXFileReference; fileEncoding = 4; lastKnownFileType = sourcecode.c.h; path = ASINetworkQueue.h; sourceTree = "<group>"; };
		D0AA097D138741C000E4A8C1 /* ASINetworkQueue.m */ = {isa = PBXFileReference; fileEncoding = 4; lastKnownFileType = sourcecode.c.objc; path = ASINetworkQueue.m; sourceTree = "<group>"; };
		D0AA097E138741C000E4A8C1 /* ASIProgressDelegate.h */ = {isa = PBXFileReference; fileEncoding = 4; lastKnownFileType = sourcecode.c.h; path = ASIProgressDelegate.h; sourceTree = "<group>"; };
		D0AA097F138741C000E4A8C1 /* Reachability.h */ = {isa = PBXFileReference; fileEncoding = 4; lastKnownFileType = sourcecode.c.h; path = Reachability.h; sourceTree = "<group>"; };
		D0AA0980138741C000E4A8C1 /* Reachability.m */ = {isa = PBXFileReference; fileEncoding = 4; lastKnownFileType = sourcecode.c.objc; path = Reachability.m; sourceTree = "<group>"; };
		D0AA0983138741C000E4A8C1 /* JSONKit.h */ = {isa = PBXFileReference; fileEncoding = 4; lastKnownFileType = sourcecode.c.h; path = JSONKit.h; sourceTree = "<group>"; };
		D0AA0984138741C000E4A8C1 /* JSONKit.m */ = {isa = PBXFileReference; fileEncoding = 4; lastKnownFileType = sourcecode.c.objc; path = JSONKit.m; sourceTree = "<group>"; };
		D0AA09AB1387422500E4A8C1 /* CFNetwork.framework */ = {isa = PBXFileReference; lastKnownFileType = wrapper.framework; name = CFNetwork.framework; path = System/Library/Frameworks/CFNetwork.framework; sourceTree = SDKROOT; };
		D0AA09AD1387423400E4A8C1 /* SystemConfiguration.framework */ = {isa = PBXFileReference; lastKnownFileType = wrapper.framework; name = SystemConfiguration.framework; path = System/Library/Frameworks/SystemConfiguration.framework; sourceTree = SDKROOT; };
		D0AA09AF1387423C00E4A8C1 /* MobileCoreServices.framework */ = {isa = PBXFileReference; lastKnownFileType = wrapper.framework; name = MobileCoreServices.framework; path = System/Library/Frameworks/MobileCoreServices.framework; sourceTree = SDKROOT; };
		D0AA09B11387424900E4A8C1 /* CoreGraphics.framework */ = {isa = PBXFileReference; lastKnownFileType = wrapper.framework; name = CoreGraphics.framework; path = System/Library/Frameworks/CoreGraphics.framework; sourceTree = SDKROOT; };
		D0AA09B31387425A00E4A8C1 /* libz.1.2.3.dylib */ = {isa = PBXFileReference; lastKnownFileType = "compiled.mach-o.dylib"; name = libz.1.2.3.dylib; path = usr/lib/libz.1.2.3.dylib; sourceTree = SDKROOT; };
		D0AA09B51387433300E4A8C1 /* NSString+URIEscaping.h */ = {isa = PBXFileReference; fileEncoding = 4; lastKnownFileType = sourcecode.c.h; name = "NSString+URIEscaping.h"; path = "../External/OAuthCore/NSString+URIEscaping.h"; sourceTree = "<group>"; };
		D0AA09B61387433300E4A8C1 /* NSString+URIEscaping.m */ = {isa = PBXFileReference; fileEncoding = 4; lastKnownFileType = sourcecode.c.objc; name = "NSString+URIEscaping.m"; path = "../External/OAuthCore/NSString+URIEscaping.m"; sourceTree = "<group>"; };
		D0AA09B91387438200E4A8C1 /* ShakeKit.h */ = {isa = PBXFileReference; fileEncoding = 4; lastKnownFileType = sourcecode.c.h; path = ShakeKit.h; sourceTree = "<group>"; };
		D0AA09BA1387438200E4A8C1 /* ShakeKit.m */ = {isa = PBXFileReference; fileEncoding = 4; lastKnownFileType = sourcecode.c.objc; path = ShakeKit.m; sourceTree = "<group>"; };
		D0AA09BD1387448100E4A8C1 /* ShakeKitConstants.h */ = {isa = PBXFileReference; fileEncoding = 4; lastKnownFileType = sourcecode.c.h; path = ShakeKitConstants.h; sourceTree = "<group>"; };
		D0AA09BE1387448100E4A8C1 /* ShakeKitConstants.m */ = {isa = PBXFileReference; fileEncoding = 4; lastKnownFileType = sourcecode.c.objc; path = ShakeKitConstants.m; sourceTree = "<group>"; };
		D0AA09C11387465600E4A8C1 /* NSDictionary+ParameterString.h */ = {isa = PBXFileReference; fileEncoding = 4; lastKnownFileType = sourcecode.c.h; path = "NSDictionary+ParameterString.h"; sourceTree = "<group>"; };
		D0AA09C21387465600E4A8C1 /* NSDictionary+ParameterString.m */ = {isa = PBXFileReference; fileEncoding = 4; lastKnownFileType = sourcecode.c.objc; path = "NSDictionary+ParameterString.m"; sourceTree = "<group>"; };
/* End PBXFileReference section */

/* Begin PBXFrameworksBuildPhase section */
		D0AA09591387412D00E4A8C1 /* Frameworks */ = {
			isa = PBXFrameworksBuildPhase;
			buildActionMask = 2147483647;
			files = (
				D0AA09B41387425A00E4A8C1 /* libz.1.2.3.dylib in Frameworks */,
				D0AA09B21387424900E4A8C1 /* CoreGraphics.framework in Frameworks */,
				D0AA09B01387423C00E4A8C1 /* MobileCoreServices.framework in Frameworks */,
				D0AA09AE1387423400E4A8C1 /* SystemConfiguration.framework in Frameworks */,
				D0AA09AC1387422500E4A8C1 /* CFNetwork.framework in Frameworks */,
				D0AA09601387412D00E4A8C1 /* Foundation.framework in Frameworks */,
			);
			runOnlyForDeploymentPostprocessing = 0;
		};
/* End PBXFrameworksBuildPhase section */

/* Begin PBXGroup section */
		D088D59B1390A23200B6F98C /* OAuthCore */ = {
			isa = PBXGroup;
			children = (
				D088D59C1390A23200B6F98C /* NSData+Base64.h */,
				D088D59D1390A23200B6F98C /* NSData+Base64.m */,
				D088D59E1390A23200B6F98C /* OAuth+Additions.h */,
				D088D59F1390A23200B6F98C /* OAuth+Additions.m */,
				D088D5A11390A23200B6F98C /* OAuthCore.m */,
				D088D5A01390A23200B6F98C /* OAuthCore.h */,
			);
			name = OAuthCore;
			path = ../../SyncKit/OAuthCore;
			sourceTree = "<group>";
		};
		D0AA09511387412D00E4A8C1 = {
			isa = PBXGroup;
			children = (
				D0AA09611387412D00E4A8C1 /* ShakeKit */,
				D0AA09621387412D00E4A8C1 /* Supporting Files */,
				D0AA0969138741C000E4A8C1 /* External */,
				D0AA095E1387412D00E4A8C1 /* Frameworks */,
				D0AA095D1387412D00E4A8C1 /* Products */,
			);
			sourceTree = "<group>";
		};
		D0AA095D1387412D00E4A8C1 /* Products */ = {
			isa = PBXGroup;
			children = (
				D0AA095C1387412D00E4A8C1 /* libShakeKit.a */,
			);
			name = Products;
			sourceTree = "<group>";
		};
		D0AA095E1387412D00E4A8C1 /* Frameworks */ = {
			isa = PBXGroup;
			children = (
				D0AA09B31387425A00E4A8C1 /* libz.1.2.3.dylib */,
				D0AA09B11387424900E4A8C1 /* CoreGraphics.framework */,
				D0AA09AF1387423C00E4A8C1 /* MobileCoreServices.framework */,
				D0AA09AD1387423400E4A8C1 /* SystemConfiguration.framework */,
				D0AA09AB1387422500E4A8C1 /* CFNetwork.framework */,
				D0AA095F1387412D00E4A8C1 /* Foundation.framework */,
			);
			name = Frameworks;
			sourceTree = "<group>";
		};
		D0AA09611387412D00E4A8C1 /* ShakeKit */ = {
			isa = PBXGroup;
			children = (
				D0AA09B91387438200E4A8C1 /* ShakeKit.h */,
				D0AA09BA1387438200E4A8C1 /* ShakeKit.m */,
				D088D5AF1390AAFF00B6F98C /* SKPost.h */,
				D088D5B01390AAFF00B6F98C /* SKPost.m */,
				D088D5B41390AB3700B6F98C /* SKUser.h */,
				D088D5B51390AB3700B6F98C /* SKUser.m */,
				D088D5BA1391248E00B6F98C /* SKShake.h */,
				D088D5BB1391248E00B6F98C /* SKShake.m */,
				D0AA09BD1387448100E4A8C1 /* ShakeKitConstants.h */,
				D0AA09BE1387448100E4A8C1 /* ShakeKitConstants.m */,
			);
			path = ShakeKit;
			sourceTree = "<group>";
		};
		D0AA09621387412D00E4A8C1 /* Supporting Files */ = {
			isa = PBXGroup;
			children = (
				D0AA09B51387433300E4A8C1 /* NSString+URIEscaping.h */,
				D0AA09B61387433300E4A8C1 /* NSString+URIEscaping.m */,
				D0AA09C11387465600E4A8C1 /* NSDictionary+ParameterString.h */,
				D0AA09C21387465600E4A8C1 /* NSDictionary+ParameterString.m */,
				D088D5BE1391287D00B6F98C /* NSDate+DateConversion.h */,
				D088D5BF1391287D00B6F98C /* NSDate+DateConversion.m */,
				D0AA09631387412D00E4A8C1 /* ShakeKit-Prefix.pch */,
			);
			name = "Supporting Files";
			path = ShakeKit;
			sourceTree = "<group>";
		};
		D0AA0969138741C000E4A8C1 /* External */ = {
			isa = PBXGroup;
			children = (
				D088D59B1390A23200B6F98C /* OAuthCore */,
				D0AA096A138741C000E4A8C1 /* ASIHTTPRequest */,
				D0AA0981138741C000E4A8C1 /* JSONKit */,
			);
			path = External;
			sourceTree = "<group>";
		};
		D0AA096A138741C000E4A8C1 /* ASIHTTPRequest */ = {
			isa = PBXGroup;
			children = (
				D0AA096B138741C000E4A8C1 /* ASIAuthenticationDialog.h */,
				D0AA096C138741C000E4A8C1 /* ASIAuthenticationDialog.m */,
				D0AA096D138741C000E4A8C1 /* ASICacheDelegate.h */,
				D0AA096E138741C000E4A8C1 /* ASIDataCompressor.h */,
				D0AA096F138741C000E4A8C1 /* ASIDataCompressor.m */,
				D0AA0970138741C000E4A8C1 /* ASIDataDecompressor.h */,
				D0AA0971138741C000E4A8C1 /* ASIDataDecompressor.m */,
				D0AA0972138741C000E4A8C1 /* ASIDownloadCache.h */,
				D0AA0973138741C000E4A8C1 /* ASIDownloadCache.m */,
				D0AA0974138741C000E4A8C1 /* ASIFormDataRequest.h */,
				D0AA0975138741C000E4A8C1 /* ASIFormDataRequest.m */,
				D0AA0976138741C000E4A8C1 /* ASIHTTPRequest.h */,
				D0AA0977138741C000E4A8C1 /* ASIHTTPRequest.m */,
				D0AA0978138741C000E4A8C1 /* ASIHTTPRequestConfig.h */,
				D0AA0979138741C000E4A8C1 /* ASIHTTPRequestDelegate.h */,
				D0AA097A138741C000E4A8C1 /* ASIInputStream.h */,
				D0AA097B138741C000E4A8C1 /* ASIInputStream.m */,
				D0AA097C138741C000E4A8C1 /* ASINetworkQueue.h */,
				D0AA097D138741C000E4A8C1 /* ASINetworkQueue.m */,
				D0AA097E138741C000E4A8C1 /* ASIProgressDelegate.h */,
				D0AA097F138741C000E4A8C1 /* Reachability.h */,
				D0AA0980138741C000E4A8C1 /* Reachability.m */,
			);
			path = ASIHTTPRequest;
			sourceTree = "<group>";
		};
		D0AA0981138741C000E4A8C1 /* JSONKit */ = {
			isa = PBXGroup;
			children = (
				D0AA0983138741C000E4A8C1 /* JSONKit.h */,
				D0AA0984138741C000E4A8C1 /* JSONKit.m */,
			);
			path = JSONKit;
			sourceTree = "<group>";
		};
/* End PBXGroup section */

/* Begin PBXHeadersBuildPhase section */
		D0AA095A1387412D00E4A8C1 /* Headers */ = {
			isa = PBXHeadersBuildPhase;
			buildActionMask = 2147483647;
			files = (
				D0AA098D138741C000E4A8C1 /* ASIAuthenticationDialog.h in Headers */,
				D0AA098F138741C000E4A8C1 /* ASICacheDelegate.h in Headers */,
				D0AA0990138741C000E4A8C1 /* ASIDataCompressor.h in Headers */,
				D0AA0992138741C000E4A8C1 /* ASIDataDecompressor.h in Headers */,
				D0AA0994138741C000E4A8C1 /* ASIDownloadCache.h in Headers */,
				D0AA0996138741C000E4A8C1 /* ASIFormDataRequest.h in Headers */,
				D0AA0998138741C000E4A8C1 /* ASIHTTPRequest.h in Headers */,
				D0AA099A138741C000E4A8C1 /* ASIHTTPRequestConfig.h in Headers */,
				D0AA099B138741C000E4A8C1 /* ASIHTTPRequestDelegate.h in Headers */,
				D0AA099C138741C000E4A8C1 /* ASIInputStream.h in Headers */,
				D0AA099E138741C000E4A8C1 /* ASINetworkQueue.h in Headers */,
				D0AA09A0138741C000E4A8C1 /* ASIProgressDelegate.h in Headers */,
				D0AA09A1138741C000E4A8C1 /* Reachability.h in Headers */,
				D0AA09A3138741C000E4A8C1 /* JSONKit.h in Headers */,
				D0AA09B71387433300E4A8C1 /* NSString+URIEscaping.h in Headers */,
				D0AA09BB1387438200E4A8C1 /* ShakeKit.h in Headers */,
				D0AA09BF1387448200E4A8C1 /* ShakeKitConstants.h in Headers */,
				D0AA09C31387465600E4A8C1 /* NSDictionary+ParameterString.h in Headers */,
				D088D5A21390A23200B6F98C /* NSData+Base64.h in Headers */,
				D088D5A41390A23200B6F98C /* OAuth+Additions.h in Headers */,
				D088D5A61390A23200B6F98C /* OAuthCore.h in Headers */,
				D088D5B11390AAFF00B6F98C /* SKPost.h in Headers */,
				D088D5B61390AB3700B6F98C /* SKUser.h in Headers */,
				D088D5BC1391248E00B6F98C /* SKShake.h in Headers */,
				D088D5C01391287D00B6F98C /* NSDate+DateConversion.h in Headers */,
			);
			runOnlyForDeploymentPostprocessing = 0;
		};
/* End PBXHeadersBuildPhase section */

/* Begin PBXNativeTarget section */
		D0AA095B1387412D00E4A8C1 /* ShakeKit */ = {
			isa = PBXNativeTarget;
			buildConfigurationList = D0AA09661387412D00E4A8C1 /* Build configuration list for PBXNativeTarget "ShakeKit" */;
			buildPhases = (
				D0AA09581387412D00E4A8C1 /* Sources */,
				D0AA09591387412D00E4A8C1 /* Frameworks */,
				D0AA095A1387412D00E4A8C1 /* Headers */,
			);
			buildRules = (
			);
			dependencies = (
			);
			name = ShakeKit;
			productName = ShakeKit;
			productReference = D0AA095C1387412D00E4A8C1 /* libShakeKit.a */;
			productType = "com.apple.product-type.library.static";
		};
/* End PBXNativeTarget section */

/* Begin PBXProject section */
		D0AA09531387412D00E4A8C1 /* Project object */ = {
			isa = PBXProject;
			attributes = {
				ORGANIZATIONNAME = "Second Gear";
			};
			buildConfigurationList = D0AA09561387412D00E4A8C1 /* Build configuration list for PBXProject "ShakeKit" */;
			compatibilityVersion = "Xcode 3.2";
			developmentRegion = English;
			hasScannedForEncodings = 0;
			knownRegions = (
				en,
			);
			mainGroup = D0AA09511387412D00E4A8C1;
			productRefGroup = D0AA095D1387412D00E4A8C1 /* Products */;
			projectDirPath = "";
			projectRoot = "";
			targets = (
				D0AA095B1387412D00E4A8C1 /* ShakeKit */,
			);
		};
/* End PBXProject section */

/* Begin PBXSourcesBuildPhase section */
		D0AA09581387412D00E4A8C1 /* Sources */ = {
			isa = PBXSourcesBuildPhase;
			buildActionMask = 2147483647;
			files = (
				D0AA098E138741C000E4A8C1 /* ASIAuthenticationDialog.m in Sources */,
				D0AA0991138741C000E4A8C1 /* ASIDataCompressor.m in Sources */,
				D0AA0993138741C000E4A8C1 /* ASIDataDecompressor.m in Sources */,
				D0AA0995138741C000E4A8C1 /* ASIDownloadCache.m in Sources */,
				D0AA0997138741C000E4A8C1 /* ASIFormDataRequest.m in Sources */,
				D0AA0999138741C000E4A8C1 /* ASIHTTPRequest.m in Sources */,
				D0AA099D138741C000E4A8C1 /* ASIInputStream.m in Sources */,
				D0AA099F138741C000E4A8C1 /* ASINetworkQueue.m in Sources */,
				D0AA09A2138741C000E4A8C1 /* Reachability.m in Sources */,
				D0AA09A4138741C000E4A8C1 /* JSONKit.m in Sources */,
				D0AA09BC1387438200E4A8C1 /* ShakeKit.m in Sources */,
				D0AA09C01387448200E4A8C1 /* ShakeKitConstants.m in Sources */,
				D0AA09B81387433300E4A8C1 /* NSString+URIEscaping.m in Sources */,
				D0AA09C41387465600E4A8C1 /* NSDictionary+ParameterString.m in Sources */,
				D088D5A31390A23200B6F98C /* NSData+Base64.m in Sources */,
				D088D5A51390A23200B6F98C /* OAuth+Additions.m in Sources */,
				D088D5A71390A23200B6F98C /* OAuthCore.m in Sources */,
				D088D5B21390AAFF00B6F98C /* SKPost.m in Sources */,
				D088D5B71390AB3700B6F98C /* SKUser.m in Sources */,
				D088D5BD1391248E00B6F98C /* SKShake.m in Sources */,
				D088D5C11391287D00B6F98C /* NSDate+DateConversion.m in Sources */,
			);
			runOnlyForDeploymentPostprocessing = 0;
		};
/* End PBXSourcesBuildPhase section */

/* Begin XCBuildConfiguration section */
		D0AA09641387412D00E4A8C1 /* Debug */ = {
			isa = XCBuildConfiguration;
			buildSettings = {
				ARCHS = "$(ARCHS_STANDARD_32_BIT)";
				GCC_C_LANGUAGE_STANDARD = gnu99;
				GCC_OPTIMIZATION_LEVEL = 0;
				GCC_PREPROCESSOR_DEFINITIONS = DEBUG;
				GCC_SYMBOLS_PRIVATE_EXTERN = NO;
				GCC_VERSION = com.apple.compilers.llvm.clang.1_0;
				GCC_WARN_ABOUT_RETURN_TYPE = YES;
				GCC_WARN_UNUSED_VARIABLE = YES;
				IPHONEOS_DEPLOYMENT_TARGET = 4.0;
				SDKROOT = iphoneos;
			};
			name = Debug;
		};
		D0AA09651387412D00E4A8C1 /* Release */ = {
			isa = XCBuildConfiguration;
			buildSettings = {
				ARCHS = "$(ARCHS_STANDARD_32_BIT)";
				GCC_C_LANGUAGE_STANDARD = gnu99;
				GCC_VERSION = com.apple.compilers.llvm.clang.1_0;
				GCC_WARN_ABOUT_RETURN_TYPE = YES;
				GCC_WARN_UNUSED_VARIABLE = YES;
				IPHONEOS_DEPLOYMENT_TARGET = 4.0;
				SDKROOT = iphoneos;
			};
			name = Release;
		};
		D0AA09671387412D00E4A8C1 /* Debug */ = {
			isa = XCBuildConfiguration;
			buildSettings = {
				ALWAYS_SEARCH_USER_PATHS = NO;
				DSTROOT = /tmp/ShakeKit.dst;
				GCC_PRECOMPILE_PREFIX_HEADER = YES;
				GCC_PREFIX_HEADER = "ShakeKit/ShakeKit-Prefix.pch";
				GCC_PREPROCESSOR_DEFINITIONS = (
					DEBUG,
					NS_BLOCK_ASSERTIONS,
				);
				OTHER_LDFLAGS = "-ObjC";
				PRODUCT_NAME = "$(TARGET_NAME)";
			};
			name = Debug;
		};
		D0AA09681387412D00E4A8C1 /* Release */ = {
			isa = XCBuildConfiguration;
			buildSettings = {
				ALWAYS_SEARCH_USER_PATHS = NO;
				DSTROOT = /tmp/ShakeKit.dst;
				GCC_PRECOMPILE_PREFIX_HEADER = YES;
				GCC_PREFIX_HEADER = "ShakeKit/ShakeKit-Prefix.pch";
				GCC_PREPROCESSOR_DEFINITIONS = NS_BLOCK_ASSERTIONS;
				OTHER_LDFLAGS = "-ObjC";
				PRODUCT_NAME = "$(TARGET_NAME)";
			};
			name = Release;
		};
/* End XCBuildConfiguration section */

/* Begin XCConfigurationList section */
		D0AA09561387412D00E4A8C1 /* Build configuration list for PBXProject "ShakeKit" */ = {
			isa = XCConfigurationList;
			buildConfigurations = (
				D0AA09641387412D00E4A8C1 /* Debug */,
				D0AA09651387412D00E4A8C1 /* Release */,
			);
			defaultConfigurationIsVisible = 0;
			defaultConfigurationName = Release;
		};
		D0AA09661387412D00E4A8C1 /* Build configuration list for PBXNativeTarget "ShakeKit" */ = {
			isa = XCConfigurationList;
			buildConfigurations = (
				D0AA09671387412D00E4A8C1 /* Debug */,
				D0AA09681387412D00E4A8C1 /* Release */,
			);
			defaultConfigurationIsVisible = 0;
			defaultConfigurationName = Release;
		};
/* End XCConfigurationList section */
	};
	rootObject = D0AA09531387412D00E4A8C1 /* Project object */;
}
